// !$*UTF8*$!
{
	archiveVersion = 1;
	classes = {
	};
	objectVersion = 55;
	objects = {

/* Begin PBXBuildFile section */
		930AAA0628C39BA9000FFB88 /* CreateForumView.swift in Sources */ = {isa = PBXBuildFile; fileRef = 930AAA0528C39BA9000FFB88 /* CreateForumView.swift */; };
		930AAA0A28C59F94000FFB88 /* ImagePicker.swift in Sources */ = {isa = PBXBuildFile; fileRef = 930AAA0928C59F94000FFB88 /* ImagePicker.swift */; };
		930AAA0F28C6F712000FFB88 /* BannerPicker.swift in Sources */ = {isa = PBXBuildFile; fileRef = 930AAA0E28C6F712000FFB88 /* BannerPicker.swift */; };
		930AAA1228C72893000FFB88 /* MemberRow.swift in Sources */ = {isa = PBXBuildFile; fileRef = 930AAA1128C72893000FFB88 /* MemberRow.swift */; };
		930AAA1428C729A0000FFB88 /* MemberList.swift in Sources */ = {isa = PBXBuildFile; fileRef = 930AAA1328C729A0000FFB88 /* MemberList.swift */; };
		930AAA1628C72A2A000FFB88 /* listMember.swift in Sources */ = {isa = PBXBuildFile; fileRef = 930AAA1528C72A2A000FFB88 /* listMember.swift */; };
		930AAA1828C72C88000FFB88 /* Model.swift in Sources */ = {isa = PBXBuildFile; fileRef = 930AAA1728C72C88000FFB88 /* Model.swift */; };
		930AAA1A28C72FBF000FFB88 /* Details.json in Resources */ = {isa = PBXBuildFile; fileRef = 930AAA1928C72FBF000FFB88 /* Details.json */; };
		930AAA1D28C739EB000FFB88 /* GameDetailView.swift in Sources */ = {isa = PBXBuildFile; fileRef = 930AAA1C28C739EB000FFB88 /* GameDetailView.swift */; };
		930AAA1F28C74855000FFB88 /* ImageCircle.swift in Sources */ = {isa = PBXBuildFile; fileRef = 930AAA1E28C74855000FFB88 /* ImageCircle.swift */; };
		93A8357128C24408005F3335 /* Home.swift in Sources */ = {isa = PBXBuildFile; fileRef = 93A8357028C24408005F3335 /* Home.swift */; };
		93A8357328C2499A005F3335 /* Color.swift in Sources */ = {isa = PBXBuildFile; fileRef = 93A8357228C2499A005F3335 /* Color.swift */; };
		B22FD7D528C0708600E874F9 /* User.swift in Sources */ = {isa = PBXBuildFile; fileRef = B22FD7D428C0708600E874F9 /* User.swift */; };
		B22FD7D728C0709200E874F9 /* GameForum.swift in Sources */ = {isa = PBXBuildFile; fileRef = B22FD7D628C0709200E874F9 /* GameForum.swift */; };
		B22FD7D928C0709E00E874F9 /* Post.swift in Sources */ = {isa = PBXBuildFile; fileRef = B22FD7D828C0709E00E874F9 /* Post.swift */; };
		FA51A4AA28C06D02008AF58F /* GMagnetApp.swift in Sources */ = {isa = PBXBuildFile; fileRef = FA51A4A928C06D02008AF58F /* GMagnetApp.swift */; };
		FA51A4AC28C06D02008AF58F /* ContentView.swift in Sources */ = {isa = PBXBuildFile; fileRef = FA51A4AB28C06D02008AF58F /* ContentView.swift */; };
		FA51A4AE28C06D05008AF58F /* Assets.xcassets in Resources */ = {isa = PBXBuildFile; fileRef = FA51A4AD28C06D05008AF58F /* Assets.xcassets */; };
		FA51A4B128C06D05008AF58F /* Preview Assets.xcassets in Resources */ = {isa = PBXBuildFile; fileRef = FA51A4B028C06D05008AF58F /* Preview Assets.xcassets */; };
		FA51A4BD28C0829E008AF58F /* GoogleService-Info.plist in Resources */ = {isa = PBXBuildFile; fileRef = FA51A4BC28C0829E008AF58F /* GoogleService-Info.plist */; };
		FA51A4C028C086BD008AF58F /* FirebaseAppCheck in Frameworks */ = {isa = PBXBuildFile; productRef = FA51A4BF28C086BD008AF58F /* FirebaseAppCheck */; };
		FA51A4C228C086BD008AF58F /* FirebaseAuth in Frameworks */ = {isa = PBXBuildFile; productRef = FA51A4C128C086BD008AF58F /* FirebaseAuth */; };
		FA51A4C428C086BD008AF58F /* FirebaseAuthCombine-Community in Frameworks */ = {isa = PBXBuildFile; productRef = FA51A4C328C086BD008AF58F /* FirebaseAuthCombine-Community */; };
		FA51A4C628C086BD008AF58F /* FirebaseDatabase in Frameworks */ = {isa = PBXBuildFile; productRef = FA51A4C528C086BD008AF58F /* FirebaseDatabase */; };
		FA51A4C828C086BD008AF58F /* FirebaseDatabaseSwift in Frameworks */ = {isa = PBXBuildFile; productRef = FA51A4C728C086BD008AF58F /* FirebaseDatabaseSwift */; };
		FA51A4CA28C086BD008AF58F /* FirebaseFirestore in Frameworks */ = {isa = PBXBuildFile; productRef = FA51A4C928C086BD008AF58F /* FirebaseFirestore */; };
		FA51A4CC28C086BD008AF58F /* FirebaseFirestoreCombine-Community in Frameworks */ = {isa = PBXBuildFile; productRef = FA51A4CB28C086BD008AF58F /* FirebaseFirestoreCombine-Community */; };
		FA51A4CE28C086BD008AF58F /* FirebaseFirestoreSwift in Frameworks */ = {isa = PBXBuildFile; productRef = FA51A4CD28C086BD008AF58F /* FirebaseFirestoreSwift */; };
		FA51A4D028C086BD008AF58F /* FirebaseMessaging in Frameworks */ = {isa = PBXBuildFile; productRef = FA51A4CF28C086BD008AF58F /* FirebaseMessaging */; };
		FA51A4D228C086BD008AF58F /* FirebaseStorage in Frameworks */ = {isa = PBXBuildFile; productRef = FA51A4D128C086BD008AF58F /* FirebaseStorage */; };
		FA51A4D428C086BD008AF58F /* FirebaseStorageCombine-Community in Frameworks */ = {isa = PBXBuildFile; productRef = FA51A4D328C086BD008AF58F /* FirebaseStorageCombine-Community */; };
		FA51A4D728C08789008AF58F /* SignUpView.swift in Sources */ = {isa = PBXBuildFile; fileRef = FA51A4D628C08789008AF58F /* SignUpView.swift */; };
		FA51A4D928C08797008AF58F /* SignInView.swift in Sources */ = {isa = PBXBuildFile; fileRef = FA51A4D828C08797008AF58F /* SignInView.swift */; };
/* End PBXBuildFile section */

/* Begin PBXFileReference section */
		930AAA0528C39BA9000FFB88 /* CreateForumView.swift */ = {isa = PBXFileReference; lastKnownFileType = sourcecode.swift; path = CreateForumView.swift; sourceTree = "<group>"; };
		930AAA0928C59F94000FFB88 /* ImagePicker.swift */ = {isa = PBXFileReference; lastKnownFileType = sourcecode.swift; path = ImagePicker.swift; sourceTree = "<group>"; };
		930AAA0E28C6F712000FFB88 /* BannerPicker.swift */ = {isa = PBXFileReference; lastKnownFileType = sourcecode.swift; path = BannerPicker.swift; sourceTree = "<group>"; };
		930AAA1128C72893000FFB88 /* MemberRow.swift */ = {isa = PBXFileReference; lastKnownFileType = sourcecode.swift; path = MemberRow.swift; sourceTree = "<group>"; };
		930AAA1328C729A0000FFB88 /* MemberList.swift */ = {isa = PBXFileReference; lastKnownFileType = sourcecode.swift; path = MemberList.swift; sourceTree = "<group>"; };
		930AAA1528C72A2A000FFB88 /* listMember.swift */ = {isa = PBXFileReference; lastKnownFileType = sourcecode.swift; path = listMember.swift; sourceTree = "<group>"; };
		930AAA1728C72C88000FFB88 /* Model.swift */ = {isa = PBXFileReference; lastKnownFileType = sourcecode.swift; path = Model.swift; sourceTree = "<group>"; };
		930AAA1928C72FBF000FFB88 /* Details.json */ = {isa = PBXFileReference; fileEncoding = 4; lastKnownFileType = text.json; path = Details.json; sourceTree = "<group>"; };
		930AAA1C28C739EB000FFB88 /* GameDetailView.swift */ = {isa = PBXFileReference; lastKnownFileType = sourcecode.swift; path = GameDetailView.swift; sourceTree = "<group>"; };
		930AAA1E28C74855000FFB88 /* ImageCircle.swift */ = {isa = PBXFileReference; lastKnownFileType = sourcecode.swift; path = ImageCircle.swift; sourceTree = "<group>"; };
		93A8357028C24408005F3335 /* Home.swift */ = {isa = PBXFileReference; lastKnownFileType = sourcecode.swift; path = Home.swift; sourceTree = "<group>"; };
		93A8357228C2499A005F3335 /* Color.swift */ = {isa = PBXFileReference; lastKnownFileType = sourcecode.swift; path = Color.swift; sourceTree = "<group>"; };
		B22FD7D428C0708600E874F9 /* User.swift */ = {isa = PBXFileReference; lastKnownFileType = sourcecode.swift; path = User.swift; sourceTree = "<group>"; };
		B22FD7D628C0709200E874F9 /* GameForum.swift */ = {isa = PBXFileReference; lastKnownFileType = sourcecode.swift; path = GameForum.swift; sourceTree = "<group>"; };
		B22FD7D828C0709E00E874F9 /* Post.swift */ = {isa = PBXFileReference; lastKnownFileType = sourcecode.swift; path = Post.swift; sourceTree = "<group>"; };
		FA51A4A628C06D02008AF58F /* GMagnet.app */ = {isa = PBXFileReference; explicitFileType = wrapper.application; includeInIndex = 0; path = GMagnet.app; sourceTree = BUILT_PRODUCTS_DIR; };
		FA51A4A928C06D02008AF58F /* GMagnetApp.swift */ = {isa = PBXFileReference; lastKnownFileType = sourcecode.swift; path = GMagnetApp.swift; sourceTree = "<group>"; };
		FA51A4AB28C06D02008AF58F /* ContentView.swift */ = {isa = PBXFileReference; lastKnownFileType = sourcecode.swift; path = ContentView.swift; sourceTree = "<group>"; };
		FA51A4AD28C06D05008AF58F /* Assets.xcassets */ = {isa = PBXFileReference; lastKnownFileType = folder.assetcatalog; path = Assets.xcassets; sourceTree = "<group>"; };
		FA51A4B028C06D05008AF58F /* Preview Assets.xcassets */ = {isa = PBXFileReference; lastKnownFileType = folder.assetcatalog; path = "Preview Assets.xcassets"; sourceTree = "<group>"; };
		FA51A4BC28C0829E008AF58F /* GoogleService-Info.plist */ = {isa = PBXFileReference; fileEncoding = 4; lastKnownFileType = text.plist.xml; path = "GoogleService-Info.plist"; sourceTree = "<group>"; };
		FA51A4D628C08789008AF58F /* SignUpView.swift */ = {isa = PBXFileReference; lastKnownFileType = sourcecode.swift; path = SignUpView.swift; sourceTree = "<group>"; };
		FA51A4D828C08797008AF58F /* SignInView.swift */ = {isa = PBXFileReference; lastKnownFileType = sourcecode.swift; path = SignInView.swift; sourceTree = "<group>"; };
/* End PBXFileReference section */

/* Begin PBXFrameworksBuildPhase section */
		FA51A4A328C06D02008AF58F /* Frameworks */ = {
			isa = PBXFrameworksBuildPhase;
			buildActionMask = 2147483647;
			files = (
				FA51A4D428C086BD008AF58F /* FirebaseStorageCombine-Community in Frameworks */,
				FA51A4D028C086BD008AF58F /* FirebaseMessaging in Frameworks */,
				FA51A4C828C086BD008AF58F /* FirebaseDatabaseSwift in Frameworks */,
				FA51A4C028C086BD008AF58F /* FirebaseAppCheck in Frameworks */,
				FA51A4D228C086BD008AF58F /* FirebaseStorage in Frameworks */,
				FA51A4C428C086BD008AF58F /* FirebaseAuthCombine-Community in Frameworks */,
				FA51A4C628C086BD008AF58F /* FirebaseDatabase in Frameworks */,
				FA51A4C228C086BD008AF58F /* FirebaseAuth in Frameworks */,
				FA51A4CA28C086BD008AF58F /* FirebaseFirestore in Frameworks */,
				FA51A4CC28C086BD008AF58F /* FirebaseFirestoreCombine-Community in Frameworks */,
				FA51A4CE28C086BD008AF58F /* FirebaseFirestoreSwift in Frameworks */,
			);
			runOnlyForDeploymentPostprocessing = 0;
		};
/* End PBXFrameworksBuildPhase section */

/* Begin PBXGroup section */
		930AAA1028C72864000FFB88 /* Members */ = {
			isa = PBXGroup;
			children = (
				930AAA1928C72FBF000FFB88 /* Details.json */,
				930AAA1128C72893000FFB88 /* MemberRow.swift */,
				930AAA1328C729A0000FFB88 /* MemberList.swift */,
				930AAA1528C72A2A000FFB88 /* listMember.swift */,
				930AAA1728C72C88000FFB88 /* Model.swift */,
			);
			path = Members;
			sourceTree = "<group>";
		};
		930AAA1B28C739D4000FFB88 /* Games */ = {
			isa = PBXGroup;
			children = (
				930AAA1C28C739EB000FFB88 /* GameDetailView.swift */,
				930AAA1E28C74855000FFB88 /* ImageCircle.swift */,
			);
			path = Games;
			sourceTree = "<group>";
		};
		93A8357828C39AD7005F3335 /* Forum */ = {
			isa = PBXGroup;
			children = (
				930AAA0528C39BA9000FFB88 /* CreateForumView.swift */,
				930AAA0928C59F94000FFB88 /* ImagePicker.swift */,
				930AAA0E28C6F712000FFB88 /* BannerPicker.swift */,
			);
			path = Forum;
			sourceTree = "<group>";
		};
		B22FD7D228C0707200E874F9 /* Models */ = {
			isa = PBXGroup;
			children = (
				B22FD7D428C0708600E874F9 /* User.swift */,
				B22FD7D628C0709200E874F9 /* GameForum.swift */,
				B22FD7D828C0709E00E874F9 /* Post.swift */,
				93A8357228C2499A005F3335 /* Color.swift */,
			);
			path = Models;
			sourceTree = "<group>";
		};
		B22FD7D328C0707A00E874F9 /* ViewModels */ = {
			isa = PBXGroup;
			children = (
			);
			path = ViewModels;
			sourceTree = "<group>";
		};
		FA51A49D28C06D01008AF58F = {
			isa = PBXGroup;
			children = (
				FA51A4A828C06D02008AF58F /* GMagnet */,
				FA51A4A728C06D02008AF58F /* Products */,
			);
			sourceTree = "<group>";
		};
		FA51A4A728C06D02008AF58F /* Products */ = {
			isa = PBXGroup;
			children = (
				FA51A4A628C06D02008AF58F /* GMagnet.app */,
			);
			name = Products;
			sourceTree = "<group>";
		};
		FA51A4A828C06D02008AF58F /* GMagnet */ = {
			isa = PBXGroup;
			children = (
				930AAA1B28C739D4000FFB88 /* Games */,
				930AAA1028C72864000FFB88 /* Members */,
				93A8357828C39AD7005F3335 /* Forum */,
				B22FD7D328C0707A00E874F9 /* ViewModels */,
				B22FD7D228C0707200E874F9 /* Models */,
				FA51A4D528C08775008AF58F /* Auth */,
				FA51A4BC28C0829E008AF58F /* GoogleService-Info.plist */,
				FA51A4A928C06D02008AF58F /* GMagnetApp.swift */,
				FA51A4AB28C06D02008AF58F /* ContentView.swift */,
				FA51A4AD28C06D05008AF58F /* Assets.xcassets */,
				FA51A4AF28C06D05008AF58F /* Preview Content */,
			);
			path = GMagnet;
			sourceTree = "<group>";
		};
		FA51A4AF28C06D05008AF58F /* Preview Content */ = {
			isa = PBXGroup;
			children = (
				FA51A4B028C06D05008AF58F /* Preview Assets.xcassets */,
			);
			path = "Preview Content";
			sourceTree = "<group>";
		};
		FA51A4D528C08775008AF58F /* Auth */ = {
			isa = PBXGroup;
			children = (
				FA51A4D628C08789008AF58F /* SignUpView.swift */,
				FA51A4D828C08797008AF58F /* SignInView.swift */,
				93A8357028C24408005F3335 /* Home.swift */,
			);
			path = Auth;
			sourceTree = "<group>";
		};
/* End PBXGroup section */

/* Begin PBXNativeTarget section */
		FA51A4A528C06D02008AF58F /* GMagnet */ = {
			isa = PBXNativeTarget;
			buildConfigurationList = FA51A4B428C06D05008AF58F /* Build configuration list for PBXNativeTarget "GMagnet" */;
			buildPhases = (
				FA51A4A228C06D02008AF58F /* Sources */,
				FA51A4A328C06D02008AF58F /* Frameworks */,
				FA51A4A428C06D02008AF58F /* Resources */,
			);
			buildRules = (
			);
			dependencies = (
			);
			name = GMagnet;
			packageProductDependencies = (
				FA51A4BF28C086BD008AF58F /* FirebaseAppCheck */,
				FA51A4C128C086BD008AF58F /* FirebaseAuth */,
				FA51A4C328C086BD008AF58F /* FirebaseAuthCombine-Community */,
				FA51A4C528C086BD008AF58F /* FirebaseDatabase */,
				FA51A4C728C086BD008AF58F /* FirebaseDatabaseSwift */,
				FA51A4C928C086BD008AF58F /* FirebaseFirestore */,
				FA51A4CB28C086BD008AF58F /* FirebaseFirestoreCombine-Community */,
				FA51A4CD28C086BD008AF58F /* FirebaseFirestoreSwift */,
				FA51A4CF28C086BD008AF58F /* FirebaseMessaging */,
				FA51A4D128C086BD008AF58F /* FirebaseStorage */,
				FA51A4D328C086BD008AF58F /* FirebaseStorageCombine-Community */,
			);
			productName = GMagnet;
			productReference = FA51A4A628C06D02008AF58F /* GMagnet.app */;
			productType = "com.apple.product-type.application";
		};
/* End PBXNativeTarget section */

/* Begin PBXProject section */
		FA51A49E28C06D01008AF58F /* Project object */ = {
			isa = PBXProject;
			attributes = {
				BuildIndependentTargetsInParallel = 1;
				LastSwiftUpdateCheck = 1340;
				LastUpgradeCheck = 1340;
				TargetAttributes = {
					FA51A4A528C06D02008AF58F = {
						CreatedOnToolsVersion = 13.4.1;
					};
				};
			};
			buildConfigurationList = FA51A4A128C06D01008AF58F /* Build configuration list for PBXProject "GMagnet" */;
			compatibilityVersion = "Xcode 13.0";
			developmentRegion = en;
			hasScannedForEncodings = 0;
			knownRegions = (
				en,
				Base,
			);
			mainGroup = FA51A49D28C06D01008AF58F;
			packageReferences = (
				FA51A4BE28C086BD008AF58F /* XCRemoteSwiftPackageReference "firebase-ios-sdk" */,
			);
			productRefGroup = FA51A4A728C06D02008AF58F /* Products */;
			projectDirPath = "";
			projectRoot = "";
			targets = (
				FA51A4A528C06D02008AF58F /* GMagnet */,
			);
		};
/* End PBXProject section */

/* Begin PBXResourcesBuildPhase section */
		FA51A4A428C06D02008AF58F /* Resources */ = {
			isa = PBXResourcesBuildPhase;
			buildActionMask = 2147483647;
			files = (
				FA51A4B128C06D05008AF58F /* Preview Assets.xcassets in Resources */,
				FA51A4AE28C06D05008AF58F /* Assets.xcassets in Resources */,
				930AAA1A28C72FBF000FFB88 /* Details.json in Resources */,
				FA51A4BD28C0829E008AF58F /* GoogleService-Info.plist in Resources */,
			);
			runOnlyForDeploymentPostprocessing = 0;
		};
/* End PBXResourcesBuildPhase section */

/* Begin PBXSourcesBuildPhase section */
		FA51A4A228C06D02008AF58F /* Sources */ = {
			isa = PBXSourcesBuildPhase;
			buildActionMask = 2147483647;
			files = (
				930AAA1628C72A2A000FFB88 /* listMember.swift in Sources */,
				93A8357128C24408005F3335 /* Home.swift in Sources */,
				FA51A4AC28C06D02008AF58F /* ContentView.swift in Sources */,
				B22FD7D728C0709200E874F9 /* GameForum.swift in Sources */,
				930AAA1228C72893000FFB88 /* MemberRow.swift in Sources */,
				FA51A4D728C08789008AF58F /* SignUpView.swift in Sources */,
				930AAA1428C729A0000FFB88 /* MemberList.swift in Sources */,
				930AAA1D28C739EB000FFB88 /* GameDetailView.swift in Sources */,
				930AAA1828C72C88000FFB88 /* Model.swift in Sources */,
				FA51A4D928C08797008AF58F /* SignInView.swift in Sources */,
				FA51A4AA28C06D02008AF58F /* GMagnetApp.swift in Sources */,
				B22FD7D528C0708600E874F9 /* User.swift in Sources */,
				930AAA0A28C59F94000FFB88 /* ImagePicker.swift in Sources */,
				B22FD7D928C0709E00E874F9 /* Post.swift in Sources */,
				930AAA0F28C6F712000FFB88 /* BannerPicker.swift in Sources */,
				930AAA1F28C74855000FFB88 /* ImageCircle.swift in Sources */,
				930AAA0628C39BA9000FFB88 /* CreateForumView.swift in Sources */,
				93A8357328C2499A005F3335 /* Color.swift in Sources */,
			);
			runOnlyForDeploymentPostprocessing = 0;
		};
/* End PBXSourcesBuildPhase section */

/* Begin XCBuildConfiguration section */
		FA51A4B228C06D05008AF58F /* Debug */ = {
			isa = XCBuildConfiguration;
			buildSettings = {
				ALWAYS_SEARCH_USER_PATHS = NO;
				CLANG_ANALYZER_NONNULL = YES;
				CLANG_ANALYZER_NUMBER_OBJECT_CONVERSION = YES_AGGRESSIVE;
				CLANG_CXX_LANGUAGE_STANDARD = "gnu++17";
				CLANG_ENABLE_MODULES = YES;
				CLANG_ENABLE_OBJC_ARC = YES;
				CLANG_ENABLE_OBJC_WEAK = YES;
				CLANG_WARN_BLOCK_CAPTURE_AUTORELEASING = YES;
				CLANG_WARN_BOOL_CONVERSION = YES;
				CLANG_WARN_COMMA = YES;
				CLANG_WARN_CONSTANT_CONVERSION = YES;
				CLANG_WARN_DEPRECATED_OBJC_IMPLEMENTATIONS = YES;
				CLANG_WARN_DIRECT_OBJC_ISA_USAGE = YES_ERROR;
				CLANG_WARN_DOCUMENTATION_COMMENTS = YES;
				CLANG_WARN_EMPTY_BODY = YES;
				CLANG_WARN_ENUM_CONVERSION = YES;
				CLANG_WARN_INFINITE_RECURSION = YES;
				CLANG_WARN_INT_CONVERSION = YES;
				CLANG_WARN_NON_LITERAL_NULL_CONVERSION = YES;
				CLANG_WARN_OBJC_IMPLICIT_RETAIN_SELF = YES;
				CLANG_WARN_OBJC_LITERAL_CONVERSION = YES;
				CLANG_WARN_OBJC_ROOT_CLASS = YES_ERROR;
				CLANG_WARN_QUOTED_INCLUDE_IN_FRAMEWORK_HEADER = YES;
				CLANG_WARN_RANGE_LOOP_ANALYSIS = YES;
				CLANG_WARN_STRICT_PROTOTYPES = YES;
				CLANG_WARN_SUSPICIOUS_MOVE = YES;
				CLANG_WARN_UNGUARDED_AVAILABILITY = YES_AGGRESSIVE;
				CLANG_WARN_UNREACHABLE_CODE = YES;
				CLANG_WARN__DUPLICATE_METHOD_MATCH = YES;
				COPY_PHASE_STRIP = NO;
				DEBUG_INFORMATION_FORMAT = dwarf;
				ENABLE_STRICT_OBJC_MSGSEND = YES;
				ENABLE_TESTABILITY = YES;
				GCC_C_LANGUAGE_STANDARD = gnu11;
				GCC_DYNAMIC_NO_PIC = NO;
				GCC_NO_COMMON_BLOCKS = YES;
				GCC_OPTIMIZATION_LEVEL = 0;
				GCC_PREPROCESSOR_DEFINITIONS = (
					"DEBUG=1",
					"$(inherited)",
				);
				GCC_WARN_64_TO_32_BIT_CONVERSION = YES;
				GCC_WARN_ABOUT_RETURN_TYPE = YES_ERROR;
				GCC_WARN_UNDECLARED_SELECTOR = YES;
				GCC_WARN_UNINITIALIZED_AUTOS = YES_AGGRESSIVE;
				GCC_WARN_UNUSED_FUNCTION = YES;
				GCC_WARN_UNUSED_VARIABLE = YES;
				IPHONEOS_DEPLOYMENT_TARGET = 15.5;
				MTL_ENABLE_DEBUG_INFO = INCLUDE_SOURCE;
				MTL_FAST_MATH = YES;
				ONLY_ACTIVE_ARCH = YES;
				SDKROOT = iphoneos;
				SWIFT_ACTIVE_COMPILATION_CONDITIONS = DEBUG;
				SWIFT_OPTIMIZATION_LEVEL = "-Onone";
			};
			name = Debug;
		};
		FA51A4B328C06D05008AF58F /* Release */ = {
			isa = XCBuildConfiguration;
			buildSettings = {
				ALWAYS_SEARCH_USER_PATHS = NO;
				CLANG_ANALYZER_NONNULL = YES;
				CLANG_ANALYZER_NUMBER_OBJECT_CONVERSION = YES_AGGRESSIVE;
				CLANG_CXX_LANGUAGE_STANDARD = "gnu++17";
				CLANG_ENABLE_MODULES = YES;
				CLANG_ENABLE_OBJC_ARC = YES;
				CLANG_ENABLE_OBJC_WEAK = YES;
				CLANG_WARN_BLOCK_CAPTURE_AUTORELEASING = YES;
				CLANG_WARN_BOOL_CONVERSION = YES;
				CLANG_WARN_COMMA = YES;
				CLANG_WARN_CONSTANT_CONVERSION = YES;
				CLANG_WARN_DEPRECATED_OBJC_IMPLEMENTATIONS = YES;
				CLANG_WARN_DIRECT_OBJC_ISA_USAGE = YES_ERROR;
				CLANG_WARN_DOCUMENTATION_COMMENTS = YES;
				CLANG_WARN_EMPTY_BODY = YES;
				CLANG_WARN_ENUM_CONVERSION = YES;
				CLANG_WARN_INFINITE_RECURSION = YES;
				CLANG_WARN_INT_CONVERSION = YES;
				CLANG_WARN_NON_LITERAL_NULL_CONVERSION = YES;
				CLANG_WARN_OBJC_IMPLICIT_RETAIN_SELF = YES;
				CLANG_WARN_OBJC_LITERAL_CONVERSION = YES;
				CLANG_WARN_OBJC_ROOT_CLASS = YES_ERROR;
				CLANG_WARN_QUOTED_INCLUDE_IN_FRAMEWORK_HEADER = YES;
				CLANG_WARN_RANGE_LOOP_ANALYSIS = YES;
				CLANG_WARN_STRICT_PROTOTYPES = YES;
				CLANG_WARN_SUSPICIOUS_MOVE = YES;
				CLANG_WARN_UNGUARDED_AVAILABILITY = YES_AGGRESSIVE;
				CLANG_WARN_UNREACHABLE_CODE = YES;
				CLANG_WARN__DUPLICATE_METHOD_MATCH = YES;
				COPY_PHASE_STRIP = NO;
				DEBUG_INFORMATION_FORMAT = "dwarf-with-dsym";
				ENABLE_NS_ASSERTIONS = NO;
				ENABLE_STRICT_OBJC_MSGSEND = YES;
				GCC_C_LANGUAGE_STANDARD = gnu11;
				GCC_NO_COMMON_BLOCKS = YES;
				GCC_WARN_64_TO_32_BIT_CONVERSION = YES;
				GCC_WARN_ABOUT_RETURN_TYPE = YES_ERROR;
				GCC_WARN_UNDECLARED_SELECTOR = YES;
				GCC_WARN_UNINITIALIZED_AUTOS = YES_AGGRESSIVE;
				GCC_WARN_UNUSED_FUNCTION = YES;
				GCC_WARN_UNUSED_VARIABLE = YES;
				IPHONEOS_DEPLOYMENT_TARGET = 15.5;
				MTL_ENABLE_DEBUG_INFO = NO;
				MTL_FAST_MATH = YES;
				SDKROOT = iphoneos;
				SWIFT_COMPILATION_MODE = wholemodule;
				SWIFT_OPTIMIZATION_LEVEL = "-O";
				VALIDATE_PRODUCT = YES;
			};
			name = Release;
		};
		FA51A4B528C06D05008AF58F /* Debug */ = {
			isa = XCBuildConfiguration;
			buildSettings = {
				ASSETCATALOG_COMPILER_APPICON_NAME = AppIcon;
				ASSETCATALOG_COMPILER_GLOBAL_ACCENT_COLOR_NAME = AccentColor;
				CODE_SIGN_STYLE = Automatic;
				CURRENT_PROJECT_VERSION = 1;
				DEVELOPMENT_ASSET_PATHS = "\"GMagnet/Preview Content\"";
				DEVELOPMENT_TEAM = 88UL73W94J;
				ENABLE_PREVIEWS = YES;
				GENERATE_INFOPLIST_FILE = YES;
				INFOPLIST_KEY_UIApplicationSceneManifest_Generation = YES;
				INFOPLIST_KEY_UIApplicationSupportsIndirectInputEvents = YES;
				INFOPLIST_KEY_UILaunchScreen_Generation = YES;
				INFOPLIST_KEY_UISupportedInterfaceOrientations_iPad = "UIInterfaceOrientationPortrait UIInterfaceOrientationPortraitUpsideDown UIInterfaceOrientationLandscapeLeft UIInterfaceOrientationLandscapeRight";
				INFOPLIST_KEY_UISupportedInterfaceOrientations_iPhone = "UIInterfaceOrientationPortrait UIInterfaceOrientationLandscapeLeft UIInterfaceOrientationLandscapeRight";
				LD_RUNPATH_SEARCH_PATHS = (
					"$(inherited)",
					"@executable_path/Frameworks",
				);
				MARKETING_VERSION = 1.0;
				PRODUCT_BUNDLE_IDENTIFIER = vn.edu.rmit.3802828.GMagnet;
				PRODUCT_NAME = "$(TARGET_NAME)";
				SWIFT_EMIT_LOC_STRINGS = YES;
				SWIFT_VERSION = 5.0;
				TARGETED_DEVICE_FAMILY = "1,2";
			};
			name = Debug;
		};
		FA51A4B628C06D05008AF58F /* Release */ = {
			isa = XCBuildConfiguration;
			buildSettings = {
				ASSETCATALOG_COMPILER_APPICON_NAME = AppIcon;
				ASSETCATALOG_COMPILER_GLOBAL_ACCENT_COLOR_NAME = AccentColor;
				CODE_SIGN_STYLE = Automatic;
				CURRENT_PROJECT_VERSION = 1;
				DEVELOPMENT_ASSET_PATHS = "\"GMagnet/Preview Content\"";
				DEVELOPMENT_TEAM = 88UL73W94J;
				ENABLE_PREVIEWS = YES;
				GENERATE_INFOPLIST_FILE = YES;
				INFOPLIST_KEY_UIApplicationSceneManifest_Generation = YES;
				INFOPLIST_KEY_UIApplicationSupportsIndirectInputEvents = YES;
				INFOPLIST_KEY_UILaunchScreen_Generation = YES;
				INFOPLIST_KEY_UISupportedInterfaceOrientations_iPad = "UIInterfaceOrientationPortrait UIInterfaceOrientationPortraitUpsideDown UIInterfaceOrientationLandscapeLeft UIInterfaceOrientationLandscapeRight";
				INFOPLIST_KEY_UISupportedInterfaceOrientations_iPhone = "UIInterfaceOrientationPortrait UIInterfaceOrientationLandscapeLeft UIInterfaceOrientationLandscapeRight";
				LD_RUNPATH_SEARCH_PATHS = (
					"$(inherited)",
					"@executable_path/Frameworks",
				);
				MARKETING_VERSION = 1.0;
				PRODUCT_BUNDLE_IDENTIFIER = vn.edu.rmit.3802828.GMagnet;
				PRODUCT_NAME = "$(TARGET_NAME)";
				SWIFT_EMIT_LOC_STRINGS = YES;
				SWIFT_VERSION = 5.0;
				TARGETED_DEVICE_FAMILY = "1,2";
			};
			name = Release;
		};
/* End XCBuildConfiguration section */

/* Begin XCConfigurationList section */
		FA51A4A128C06D01008AF58F /* Build configuration list for PBXProject "GMagnet" */ = {
			isa = XCConfigurationList;
			buildConfigurations = (
				FA51A4B228C06D05008AF58F /* Debug */,
				FA51A4B328C06D05008AF58F /* Release */,
			);
			defaultConfigurationIsVisible = 0;
			defaultConfigurationName = Release;
		};
		FA51A4B428C06D05008AF58F /* Build configuration list for PBXNativeTarget "GMagnet" */ = {
			isa = XCConfigurationList;
			buildConfigurations = (
				FA51A4B528C06D05008AF58F /* Debug */,
				FA51A4B628C06D05008AF58F /* Release */,
			);
			defaultConfigurationIsVisible = 0;
			defaultConfigurationName = Release;
		};
/* End XCConfigurationList section */

/* Begin XCRemoteSwiftPackageReference section */
		FA51A4BE28C086BD008AF58F /* XCRemoteSwiftPackageReference "firebase-ios-sdk" */ = {
			isa = XCRemoteSwiftPackageReference;
			repositoryURL = "https://github.com/firebase/firebase-ios-sdk";
			requirement = {
				kind = upToNextMajorVersion;
				minimumVersion = 9.0.0;
			};
		};
/* End XCRemoteSwiftPackageReference section */

/* Begin XCSwiftPackageProductDependency section */
		FA51A4BF28C086BD008AF58F /* FirebaseAppCheck */ = {
			isa = XCSwiftPackageProductDependency;
			package = FA51A4BE28C086BD008AF58F /* XCRemoteSwiftPackageReference "firebase-ios-sdk" */;
			productName = FirebaseAppCheck;
		};
		FA51A4C128C086BD008AF58F /* FirebaseAuth */ = {
			isa = XCSwiftPackageProductDependency;
			package = FA51A4BE28C086BD008AF58F /* XCRemoteSwiftPackageReference "firebase-ios-sdk" */;
			productName = FirebaseAuth;
		};
		FA51A4C328C086BD008AF58F /* FirebaseAuthCombine-Community */ = {
			isa = XCSwiftPackageProductDependency;
			package = FA51A4BE28C086BD008AF58F /* XCRemoteSwiftPackageReference "firebase-ios-sdk" */;
			productName = "FirebaseAuthCombine-Community";
		};
		FA51A4C528C086BD008AF58F /* FirebaseDatabase */ = {
			isa = XCSwiftPackageProductDependency;
			package = FA51A4BE28C086BD008AF58F /* XCRemoteSwiftPackageReference "firebase-ios-sdk" */;
			productName = FirebaseDatabase;
		};
		FA51A4C728C086BD008AF58F /* FirebaseDatabaseSwift */ = {
			isa = XCSwiftPackageProductDependency;
			package = FA51A4BE28C086BD008AF58F /* XCRemoteSwiftPackageReference "firebase-ios-sdk" */;
			productName = FirebaseDatabaseSwift;
		};
		FA51A4C928C086BD008AF58F /* FirebaseFirestore */ = {
			isa = XCSwiftPackageProductDependency;
			package = FA51A4BE28C086BD008AF58F /* XCRemoteSwiftPackageReference "firebase-ios-sdk" */;
			productName = FirebaseFirestore;
		};
		FA51A4CB28C086BD008AF58F /* FirebaseFirestoreCombine-Community */ = {
			isa = XCSwiftPackageProductDependency;
			package = FA51A4BE28C086BD008AF58F /* XCRemoteSwiftPackageReference "firebase-ios-sdk" */;
			productName = "FirebaseFirestoreCombine-Community";
		};
		FA51A4CD28C086BD008AF58F /* FirebaseFirestoreSwift */ = {
			isa = XCSwiftPackageProductDependency;
			package = FA51A4BE28C086BD008AF58F /* XCRemoteSwiftPackageReference "firebase-ios-sdk" */;
			productName = FirebaseFirestoreSwift;
		};
		FA51A4CF28C086BD008AF58F /* FirebaseMessaging */ = {
			isa = XCSwiftPackageProductDependency;
			package = FA51A4BE28C086BD008AF58F /* XCRemoteSwiftPackageReference "firebase-ios-sdk" */;
			productName = FirebaseMessaging;
		};
		FA51A4D128C086BD008AF58F /* FirebaseStorage */ = {
			isa = XCSwiftPackageProductDependency;
			package = FA51A4BE28C086BD008AF58F /* XCRemoteSwiftPackageReference "firebase-ios-sdk" */;
			productName = FirebaseStorage;
		};
		FA51A4D328C086BD008AF58F /* FirebaseStorageCombine-Community */ = {
			isa = XCSwiftPackageProductDependency;
			package = FA51A4BE28C086BD008AF58F /* XCRemoteSwiftPackageReference "firebase-ios-sdk" */;
			productName = "FirebaseStorageCombine-Community";
		};
/* End XCSwiftPackageProductDependency section */
	};
	rootObject = FA51A49E28C06D01008AF58F /* Project object */;
}
